Microsoft Visual Studio Solution File, Format Version 12.00
# Visual Studio Version 17
VisualStudioVersion = 17.5.2.0
MinimumVisualStudioVersion = 10.0.40219.1
Project("{FAE04EC0-301F-11D3-BF4B-00C04F79EFBC}") = "Librar", "Librar.csproj", "{B8DB9706-FEC8-AC21-9F35-92EB9B222FBC}"
EndProject
Global
	GlobalSection(SolutionConfigurationPlatforms) = preSolution
		Debug|Any CPU = Debug|Any CPU
		Release|Any CPU = Release|Any CPU
	EndGlobalSection
	GlobalSection(ProjectConfigurationPlatforms) = postSolution
		{B8DB9706-FEC8-AC21-9F35-92EB9B222FBC}.Debug|Any CPU.ActiveCfg = Debug|Any CPU
		{B8DB9706-FEC8-AC21-9F35-92EB9B222FBC}.Debug|Any CPU.Build.0 = Debug|Any CPU
		{B8DB9706-FEC8-AC21-9F35-92EB9B222FBC}.Release|Any CPU.ActiveCfg = Release|Any CPU
		{B8DB9706-FEC8-AC21-9F35-92EB9B222FBC}.Release|Any CPU.Build.0 = Release|Any CPU
	EndGlobalSection
	GlobalSection(SolutionProperties) = preSolution
		HideSolutionNode = FALSE
	EndGlobalSection
	GlobalSection(ExtensibilityGlobals) = postSolution
		SolutionGuid = {ADEC7FC9-4D94-43E2-84BE-7972B2BEF810}
	EndGlobalSection
EndGlobal
